
Microsoft Visual Studio Solution File, Format Version 12.00
# Visual Studio Version 16
VisualStudioVersion = 16.0.30517.126
MinimumVisualStudioVersion = 10.0.40219.1
Project("{FAE04EC0-301F-11D3-BF4B-00C04F79EFBC}") = "Fight", "Fight\Fight.csproj", "{7F56FEC7-A8DC-482A-8A1B-A2D55E7429EE}"
EndProject
Global
	GlobalSection(SolutionConfigurationPlatforms) = preSolution
		Debug|Any CPU = Debug|Any CPU
		Release|Any CPU = Release|Any CPU
	EndGlobalSection
	GlobalSection(ProjectConfigurationPlatforms) = postSolution
		{7F56FEC7-A8DC-482A-8A1B-A2D55E7429EE}.Debug|Any CPU.ActiveCfg = Debug|Any CPU
		{7F56FEC7-A8DC-482A-8A1B-A2D55E7429EE}.Debug|Any CPU.Build.0 = Debug|Any CPU
		{7F56FEC7-A8DC-482A-8A1B-A2D55E7429EE}.Release|Any CPU.ActiveCfg = Release|Any CPU
		{7F56FEC7-A8DC-482A-8A1B-A2D55E7429EE}.Release|Any CPU.Build.0 = Release|Any CPU
	EndGlobalSection
	GlobalSection(SolutionProperties) = preSolution
		HideSolutionNode = FALSE
	EndGlobalSection
	GlobalSection(ExtensibilityGlobals) = postSolution
		SolutionGuid = {2C2C67D6-7E26-4205-83EE-2A6E67B9CE2C}
	EndGlobalSection
EndGlobal
